{
  "Rakefile:321325235": [
    [70, 1, 19, "Rake/DuplicateTask: Task `default` is defined at both Rakefile:61 and Rakefile:70.", 757563174]
  ],
  "exe/kettle-jem-appraisals:2668629473": [
    [18, 1, 117, "Lint/ShadowedException: Do not shadow rescued Exceptions.", 3035342383]
  ],
  "lib/kettle/jem/appraisals/appraisals_generator.rb:1388890849": [
    [17, 9, 785, "Style/ClassMethodsDefinitions: Use `class << self` to define a class method.", 39190705]
  ],
  "lib/kettle/jem/appraisals/cli.rb:3453414601": [
    [24, 9, 54, "Style/ClassMethodsDefinitions: Use `class << self` to define a class method.", 3304571042]
  ],
  "lib/kettle/jem/appraisals/gem_abbreviations.rb:96653307": [
    [31, 9, 91, "Style/ClassMethodsDefinitions: Use `class << self` to define a class method.", 1819854055],
    [37, 9, 80, "Style/ClassMethodsDefinitions: Use `class << self` to define a class method.", 2914271144],
    [44, 9, 339, "Style/ClassMethodsDefinitions: Use `class << self` to define a class method.", 250672163]
  ],
  "lib/kettle/jem/appraisals/matrix_builder.rb:2027045977": [
    [233, 13, 32, "Style/InvertibleUnlessCondition: Prefer `if ceiling >= ruby_floor` over `unless ceiling < ruby_floor`.", 2826088500],
    [266, 15, 56, "Style/ComparableBetween: Prefer `ver_ruby.between?(range[:floor], range[:ceiling])` over logical comparison.", 792981244]
  ],
  "lib/kettle/jem/appraisals/workflow_strategy_generator.rb:1983393688": [
    [91, 28, 54, "Style/ComparableBetween: Prefer `ruby_floor.between?(range[:min], range[:max])` over logical comparison.", 1844414393]
  ],
  "lib/kettle/jem/appraisals/x_std_libs_exclusion.rb:144367808": [
    [21, 9, 435, "Style/ClassMethodsDefinitions: Use `class << self` to define a class method.", 1242331243],
    [35, 9, 312, "Style/ClassMethodsDefinitions: Use `class << self` to define a class method.", 1949417437],
    [44, 9, 124, "Style/ClassMethodsDefinitions: Use `class << self` to define a class method.", 3234357733]
  ],
  "spec/kettle/jem/appraisals/matrix_builder_spec.rb:360012840": [
    [47, 9, 138, "RSpec/ReceiveMessages: Use `receive_messages` instead of multiple stubs on lines [50].", 1744325536],
    [50, 9, 61, "RSpec/ReceiveMessages: Use `receive_messages` instead of multiple stubs on lines [47].", 240718536],
    [90, 13, 31, "RSpec/ContextWording: Context description should match /^when\\b/, /^with\\b/, or /^without\\b/.", 1662547043],
    [122, 13, 30, "RSpec/ContextWording: Context description should match /^when\\b/, /^with\\b/, or /^without\\b/.", 1647815871]
  ],
  "spec/kettle/jem/appraisals/ruby_series_detector_spec.rb:3538161597": [
    [53, 7, 67, "RSpec/IndexedLet: This `let` statement uses `1` in its name. Please give it a meaningful name.", 1379671886],
    [54, 7, 60, "RSpec/IndexedLet: This `let` statement uses `2` in its name. Please give it a meaningful name.", 3751092688],
    [78, 7, 67, "RSpec/IndexedLet: This `let` statement uses `1` in its name. Please give it a meaningful name.", 1379671886],
    [79, 7, 18, "RSpec/IndexedLet: This `let` statement uses `2` in its name. Please give it a meaningful name.", 64597339],
    [101, 7, 68, "RSpec/IndexedLet: This `let` statement uses `1` in its name. Please give it a meaningful name.", 2292412285],
    [102, 7, 18, "RSpec/IndexedLet: This `let` statement uses `2` in its name. Please give it a meaningful name.", 64597339]
  ]
}
